
Microsoft Visual Studio Solution File, Format Version 12.00
# Visual Studio Version 17
VisualStudioVersion = 17.13.35828.75
MinimumVisualStudioVersion = 10.0.40219.1
Project("{FAE04EC0-301F-11D3-BF4B-00C04F79EFBC}") = "MineSweeperTest", "MineSweeperTest\MineSweeperTest.csproj", "{4C0C0E50-9A3F-4F13-92A2-C05BE4B71945}"
EndProject
Global
	GlobalSection(SolutionConfigurationPlatforms) = preSolution
		Debug|Any CPU = Debug|Any CPU
		Release|Any CPU = Release|Any CPU
	EndGlobalSection
	GlobalSection(ProjectConfigurationPlatforms) = postSolution
		{4C0C0E50-9A3F-4F13-92A2-C05BE4B71945}.Debug|Any CPU.ActiveCfg = Debug|Any CPU
		{4C0C0E50-9A3F-4F13-92A2-C05BE4B71945}.Debug|Any CPU.Build.0 = Debug|Any CPU
		{4C0C0E50-9A3F-4F13-92A2-C05BE4B71945}.Release|Any CPU.ActiveCfg = Release|Any CPU
		{4C0C0E50-9A3F-4F13-92A2-C05BE4B71945}.Release|Any CPU.Build.0 = Release|Any CPU
	EndGlobalSection
	GlobalSection(SolutionProperties) = preSolution
		HideSolutionNode = FALSE
	EndGlobalSection
	GlobalSection(ExtensibilityGlobals) = postSolution
		SolutionGuid = {14D78E51-E11F-4A49-97EC-4BC3DE55283B}
	EndGlobalSection
EndGlobal
